
Microsoft Visual Studio Solution File, Format Version 12.00
# Visual Studio Version 17
VisualStudioVersion = 17.4.33122.133
MinimumVisualStudioVersion = 10.0.40219.1
Project("{FAE04EC0-301F-11D3-BF4B-00C04F79EFBC}") = "WCF_Service", "WCF_Service.csproj", "{6D0A88D1-C3A8-4E95-8C5C-D6E5149063E7}"
EndProject
Project("{FAE04EC0-301F-11D3-BF4B-00C04F79EFBC}") = "Chat_Host", "..\Chat_Host\Chat_Host.csproj", "{AA27EA17-1BF1-4435-BC3C-F0EAB84C7071}"
EndProject
Project("{FAE04EC0-301F-11D3-BF4B-00C04F79EFBC}") = "Chat_Client", "..\Chat_Client\Chat_Client.csproj", "{D877DDCE-E8E3-4AE0-BF1B-6F84E0019349}"
EndProject
Global
	GlobalSection(SolutionConfigurationPlatforms) = preSolution
		Debug|Any CPU = Debug|Any CPU
		Release|Any CPU = Release|Any CPU
	EndGlobalSection
	GlobalSection(ProjectConfigurationPlatforms) = postSolution
		{6D0A88D1-C3A8-4E95-8C5C-D6E5149063E7}.Debug|Any CPU.ActiveCfg = Debug|Any CPU
		{6D0A88D1-C3A8-4E95-8C5C-D6E5149063E7}.Debug|Any CPU.Build.0 = Debug|Any CPU
		{6D0A88D1-C3A8-4E95-8C5C-D6E5149063E7}.Release|Any CPU.ActiveCfg = Release|Any CPU
		{6D0A88D1-C3A8-4E95-8C5C-D6E5149063E7}.Release|Any CPU.Build.0 = Release|Any CPU
		{AA27EA17-1BF1-4435-BC3C-F0EAB84C7071}.Debug|Any CPU.ActiveCfg = Debug|Any CPU
		{AA27EA17-1BF1-4435-BC3C-F0EAB84C7071}.Debug|Any CPU.Build.0 = Debug|Any CPU
		{AA27EA17-1BF1-4435-BC3C-F0EAB84C7071}.Release|Any CPU.ActiveCfg = Release|Any CPU
		{AA27EA17-1BF1-4435-BC3C-F0EAB84C7071}.Release|Any CPU.Build.0 = Release|Any CPU
		{D877DDCE-E8E3-4AE0-BF1B-6F84E0019349}.Debug|Any CPU.ActiveCfg = Debug|Any CPU
		{D877DDCE-E8E3-4AE0-BF1B-6F84E0019349}.Debug|Any CPU.Build.0 = Debug|Any CPU
		{D877DDCE-E8E3-4AE0-BF1B-6F84E0019349}.Release|Any CPU.ActiveCfg = Release|Any CPU
		{D877DDCE-E8E3-4AE0-BF1B-6F84E0019349}.Release|Any CPU.Build.0 = Release|Any CPU
	EndGlobalSection
	GlobalSection(SolutionProperties) = preSolution
		HideSolutionNode = FALSE
	EndGlobalSection
	GlobalSection(ExtensibilityGlobals) = postSolution
		SolutionGuid = {733C50AA-EEDB-406C-B70C-857346EACCDD}
	EndGlobalSection
EndGlobal
